
Microsoft Visual Studio Solution File, Format Version 12.00
# Visual Studio Version 17
VisualStudioVersion = 17.6.33829.357
MinimumVisualStudioVersion = 10.0.40219.1
Project("{8BC9CEB8-8B4A-11D0-8D11-00A0C91BC942}") = "10 Prisonners Box Problem", "10 Prisonners Box Problem\10 Prisonners Box Problem.vcxproj", "{6F1FD19F-A926-4839-BCCB-08450B018830}"
EndProject
Project("{888888A0-9F3D-457C-B088-3A5042F75D52}") = "Python Attempt", "Python Attempt\Python Attempt.pyproj", "{D8F05F3F-EF3F-430F-A070-AA05C572D93B}"
EndProject
Global
	GlobalSection(SolutionConfigurationPlatforms) = preSolution
		Debug|Any CPU = Debug|Any CPU
		Debug|x64 = Debug|x64
		Debug|x86 = Debug|x86
		Release|Any CPU = Release|Any CPU
		Release|x64 = Release|x64
		Release|x86 = Release|x86
	EndGlobalSection
	GlobalSection(ProjectConfigurationPlatforms) = postSolution
		{6F1FD19F-A926-4839-BCCB-08450B018830}.Debug|Any CPU.ActiveCfg = Debug|x64
		{6F1FD19F-A926-4839-BCCB-08450B018830}.Debug|Any CPU.Build.0 = Debug|x64
		{6F1FD19F-A926-4839-BCCB-08450B018830}.Debug|x64.ActiveCfg = Debug|x64
		{6F1FD19F-A926-4839-BCCB-08450B018830}.Debug|x64.Build.0 = Debug|x64
		{6F1FD19F-A926-4839-BCCB-08450B018830}.Debug|x86.ActiveCfg = Debug|Win32
		{6F1FD19F-A926-4839-BCCB-08450B018830}.Debug|x86.Build.0 = Debug|Win32
		{6F1FD19F-A926-4839-BCCB-08450B018830}.Release|Any CPU.ActiveCfg = Release|x64
		{6F1FD19F-A926-4839-BCCB-08450B018830}.Release|Any CPU.Build.0 = Release|x64
		{6F1FD19F-A926-4839-BCCB-08450B018830}.Release|x64.ActiveCfg = Release|x64
		{6F1FD19F-A926-4839-BCCB-08450B018830}.Release|x64.Build.0 = Release|x64
		{6F1FD19F-A926-4839-BCCB-08450B018830}.Release|x86.ActiveCfg = Release|Win32
		{6F1FD19F-A926-4839-BCCB-08450B018830}.Release|x86.Build.0 = Release|Win32
		{D8F05F3F-EF3F-430F-A070-AA05C572D93B}.Debug|Any CPU.ActiveCfg = Debug|Any CPU
		{D8F05F3F-EF3F-430F-A070-AA05C572D93B}.Debug|x64.ActiveCfg = Debug|Any CPU
		{D8F05F3F-EF3F-430F-A070-AA05C572D93B}.Debug|x86.ActiveCfg = Debug|Any CPU
		{D8F05F3F-EF3F-430F-A070-AA05C572D93B}.Release|Any CPU.ActiveCfg = Release|Any CPU
		{D8F05F3F-EF3F-430F-A070-AA05C572D93B}.Release|x64.ActiveCfg = Release|Any CPU
		{D8F05F3F-EF3F-430F-A070-AA05C572D93B}.Release|x86.ActiveCfg = Release|Any CPU
	EndGlobalSection
	GlobalSection(SolutionProperties) = preSolution
		HideSolutionNode = FALSE
	EndGlobalSection
	GlobalSection(ExtensibilityGlobals) = postSolution
		SolutionGuid = {B9FF9440-0A64-4A88-8DC4-E9A58B6B247E}
	EndGlobalSection
EndGlobal
